// !$*UTF8*$!
{
	archiveVersion = 1;
	classes = {
	};
	objectVersion = 50;
	objects = {

/* Begin PBXBuildFile section */
		0C409C70220A1DD200F232D0 /* AppDelegate.swift in Sources */ = {isa = PBXBuildFile; fileRef = 0C409C6F220A1DD200F232D0 /* AppDelegate.swift */; };
		0C409C72220A1DD200F232D0 /* ViewController.swift in Sources */ = {isa = PBXBuildFile; fileRef = 0C409C71220A1DD200F232D0 /* ViewController.swift */; };
		0C409C75220A1DD200F232D0 /* Main.storyboard in Resources */ = {isa = PBXBuildFile; fileRef = 0C409C73220A1DD200F232D0 /* Main.storyboard */; };
		0C409C77220A1DD300F232D0 /* Assets.xcassets in Resources */ = {isa = PBXBuildFile; fileRef = 0C409C76220A1DD300F232D0 /* Assets.xcassets */; };
		0C409C7A220A1DD300F232D0 /* LaunchScreen.storyboard in Resources */ = {isa = PBXBuildFile; fileRef = 0C409C78220A1DD300F232D0 /* LaunchScreen.storyboard */; };
		180AEC62220E0A6C0003C1A6 /* MYViewController.swift in Sources */ = {isa = PBXBuildFile; fileRef = 180AEC61220E0A6C0003C1A6 /* MYViewController.swift */; };
		180AEC64220E116C0003C1A6 /* LanguageManager.swift in Sources */ = {isa = PBXBuildFile; fileRef = 180AEC63220E116C0003C1A6 /* LanguageManager.swift */; };
		180AEC67220E16010003C1A6 /* HomeVendrVC.swift in Sources */ = {isa = PBXBuildFile; fileRef = 180AEC66220E16000003C1A6 /* HomeVendrVC.swift */; };
		18EBF1FF220B82AF008D4F36 /* Localizable.strings in Resources */ = {isa = PBXBuildFile; fileRef = 18EBF1F9220B82AF008D4F36 /* Localizable.strings */; };
		18EBF200220B82AF008D4F36 /* lang-en.json in Resources */ = {isa = PBXBuildFile; fileRef = 18EBF1FC220B82AF008D4F36 /* lang-en.json */; };
		18EBF201220B82AF008D4F36 /* lang-ar.json in Resources */ = {isa = PBXBuildFile; fileRef = 18EBF1FE220B82AF008D4F36 /* lang-ar.json */; };
		18EBF22D220B8333008D4F36 /* LocationHelper.swift in Sources */ = {isa = PBXBuildFile; fileRef = 18EBF203220B8331008D4F36 /* LocationHelper.swift */; };
		18EBF22E220B8333008D4F36 /* HttpHelper.swift in Sources */ = {isa = PBXBuildFile; fileRef = 18EBF205220B8331008D4F36 /* HttpHelper.swift */; };
		18EBF22F220B8333008D4F36 /* Countries.swift in Sources */ = {isa = PBXBuildFile; fileRef = 18EBF207220B8332008D4F36 /* Countries.swift */; };
		18EBF230220B8333008D4F36 /* Country.swift in Sources */ = {isa = PBXBuildFile; fileRef = 18EBF208220B8332008D4F36 /* Country.swift */; };
		18EBF231220B8333008D4F36 /* SharedData.swift in Sources */ = {isa = PBXBuildFile; fileRef = 18EBF20A220B8332008D4F36 /* SharedData.swift */; };
		18EBF232220B8333008D4F36 /* Loader.swift in Sources */ = {isa = PBXBuildFile; fileRef = 18EBF20B220B8332008D4F36 /* Loader.swift */; };
		18EBF233220B8333008D4F36 /* DBController.swift in Sources */ = {isa = PBXBuildFile; fileRef = 18EBF20D220B8332008D4F36 /* DBController.swift */; };
		18EBF234220B8333008D4F36 /* DBMethod.swift in Sources */ = {isa = PBXBuildFile; fileRef = 18EBF20E220B8332008D4F36 /* DBMethod.swift */; };
		18EBF235220B8333008D4F36 /* AppCommon.swift in Sources */ = {isa = PBXBuildFile; fileRef = 18EBF210220B8332008D4F36 /* AppCommon.swift */; };
		18EBF236220B8333008D4F36 /* Utilities.swift in Sources */ = {isa = PBXBuildFile; fileRef = 18EBF212220B8332008D4F36 /* Utilities.swift */; };
		18EBF237220B8333008D4F36 /* DateView.swift in Sources */ = {isa = PBXBuildFile; fileRef = 18EBF213220B8332008D4F36 /* DateView.swift */; };
		18EBF238220B8333008D4F36 /* UIView.swift in Sources */ = {isa = PBXBuildFile; fileRef = 18EBF215220B8333008D4F36 /* UIView.swift */; };
		18EBF239220B8333008D4F36 /* UIColor.swift in Sources */ = {isa = PBXBuildFile; fileRef = 18EBF216220B8333008D4F36 /* UIColor.swift */; };
		18EBF23A220B8333008D4F36 /* UITextField.swift in Sources */ = {isa = PBXBuildFile; fileRef = 18EBF217220B8333008D4F36 /* UITextField.swift */; };
		18EBF23B220B8333008D4F36 /* UIText.swift in Sources */ = {isa = PBXBuildFile; fileRef = 18EBF218220B8333008D4F36 /* UIText.swift */; };
		18EBF23C220B8333008D4F36 /* LocalizableString.swift in Sources */ = {isa = PBXBuildFile; fileRef = 18EBF21B220B8333008D4F36 /* LocalizableString.swift */; };
		18EBF23D220B8333008D4F36 /* Localizable.swift in Sources */ = {isa = PBXBuildFile; fileRef = 18EBF21D220B8333008D4F36 /* Localizable.swift */; };
		18EBF23E220B8333008D4F36 /* LocalizableTextField.swift in Sources */ = {isa = PBXBuildFile; fileRef = 18EBF220220B8333008D4F36 /* LocalizableTextField.swift */; };
		18EBF23F220B8333008D4F36 /* LocalizableTextView.swift in Sources */ = {isa = PBXBuildFile; fileRef = 18EBF221220B8333008D4F36 /* LocalizableTextView.swift */; };
		18EBF240220B8333008D4F36 /* LocalizableButton.swift in Sources */ = {isa = PBXBuildFile; fileRef = 18EBF222220B8333008D4F36 /* LocalizableButton.swift */; };
		18EBF241220B8333008D4F36 /* LocalizableNavigationItem.swift in Sources */ = {isa = PBXBuildFile; fileRef = 18EBF223220B8333008D4F36 /* LocalizableNavigationItem.swift */; };
		18EBF242220B8333008D4F36 /* LocalizableUISearchBar.swift in Sources */ = {isa = PBXBuildFile; fileRef = 18EBF224220B8333008D4F36 /* LocalizableUISearchBar.swift */; };
		18EBF243220B8333008D4F36 /* LocalizableLabel.swift in Sources */ = {isa = PBXBuildFile; fileRef = 18EBF225220B8333008D4F36 /* LocalizableLabel.swift */; };
		18EBF244220B8333008D4F36 /* LocalizableUIBarItem.swift in Sources */ = {isa = PBXBuildFile; fileRef = 18EBF226220B8333008D4F36 /* LocalizableUIBarItem.swift */; };
		18EBF246220B8333008D4F36 /* SidemenuEnum.swift in Sources */ = {isa = PBXBuildFile; fileRef = 18EBF229220B8333008D4F36 /* SidemenuEnum.swift */; };
		18EBF247220B8333008D4F36 /* Enum.swift in Sources */ = {isa = PBXBuildFile; fileRef = 18EBF22A220B8333008D4F36 /* Enum.swift */; };
		18EBF248220B8333008D4F36 /* APIConstants.swift in Sources */ = {isa = PBXBuildFile; fileRef = 18EBF22C220B8333008D4F36 /* APIConstants.swift */; };
		963C0309BFBFBE7D89182C66 /* Pods_MaakMaak.framework in Frameworks */ = {isa = PBXBuildFile; fileRef = 2494064553EE1F95DA9F6520 /* Pods_MaakMaak.framework */; };
/* End PBXBuildFile section */

/* Begin PBXFileReference section */
		0C409C6C220A1DD200F232D0 /* MaakMaak.app */ = {isa = PBXFileReference; explicitFileType = wrapper.application; includeInIndex = 0; path = MaakMaak.app; sourceTree = BUILT_PRODUCTS_DIR; };
		0C409C6F220A1DD200F232D0 /* AppDelegate.swift */ = {isa = PBXFileReference; lastKnownFileType = sourcecode.swift; path = AppDelegate.swift; sourceTree = "<group>"; };
		0C409C71220A1DD200F232D0 /* ViewController.swift */ = {isa = PBXFileReference; lastKnownFileType = sourcecode.swift; path = ViewController.swift; sourceTree = "<group>"; };
		0C409C74220A1DD200F232D0 /* Base */ = {isa = PBXFileReference; lastKnownFileType = file.storyboard; name = Base; path = Base.lproj/Main.storyboard; sourceTree = "<group>"; };
		0C409C76220A1DD300F232D0 /* Assets.xcassets */ = {isa = PBXFileReference; lastKnownFileType = folder.assetcatalog; path = Assets.xcassets; sourceTree = "<group>"; };
		0C409C79220A1DD300F232D0 /* Base */ = {isa = PBXFileReference; lastKnownFileType = file.storyboard; name = Base; path = Base.lproj/LaunchScreen.storyboard; sourceTree = "<group>"; };
		0C409C7B220A1DD300F232D0 /* Info.plist */ = {isa = PBXFileReference; lastKnownFileType = text.plist.xml; path = Info.plist; sourceTree = "<group>"; };
		180AEC61220E0A6C0003C1A6 /* MYViewController.swift */ = {isa = PBXFileReference; lastKnownFileType = sourcecode.swift; path = MYViewController.swift; sourceTree = "<group>"; };
		180AEC63220E116C0003C1A6 /* LanguageManager.swift */ = {isa = PBXFileReference; fileEncoding = 4; lastKnownFileType = sourcecode.swift; path = LanguageManager.swift; sourceTree = "<group>"; };
		180AEC66220E16000003C1A6 /* HomeVendrVC.swift */ = {isa = PBXFileReference; lastKnownFileType = sourcecode.swift; path = HomeVendrVC.swift; sourceTree = "<group>"; };
		18EBF1FA220B82AF008D4F36 /* ar */ = {isa = PBXFileReference; lastKnownFileType = text.plist.strings; name = ar; path = ar.lproj/Localizable.strings; sourceTree = "<group>"; };
		18EBF1FB220B82AF008D4F36 /* en */ = {isa = PBXFileReference; lastKnownFileType = text.plist.strings; name = en; path = en.lproj/Localizable.strings; sourceTree = "<group>"; };
		18EBF1FC220B82AF008D4F36 /* lang-en.json */ = {isa = PBXFileReference; fileEncoding = 4; lastKnownFileType = text.json; path = "lang-en.json"; sourceTree = "<group>"; };
		18EBF1FD220B82AF008D4F36 /* Base */ = {isa = PBXFileReference; lastKnownFileType = text.plist.strings; name = Base; path = Base.lproj/Localizable.strings; sourceTree = "<group>"; };
		18EBF1FE220B82AF008D4F36 /* lang-ar.json */ = {isa = PBXFileReference; fileEncoding = 4; lastKnownFileType = text.json; path = "lang-ar.json"; sourceTree = "<group>"; };
		18EBF203220B8331008D4F36 /* LocationHelper.swift */ = {isa = PBXFileReference; fileEncoding = 4; lastKnownFileType = sourcecode.swift; path = LocationHelper.swift; sourceTree = "<group>"; };
		18EBF205220B8331008D4F36 /* HttpHelper.swift */ = {isa = PBXFileReference; fileEncoding = 4; lastKnownFileType = sourcecode.swift; path = HttpHelper.swift; sourceTree = "<group>"; };
		18EBF207220B8332008D4F36 /* Countries.swift */ = {isa = PBXFileReference; fileEncoding = 4; lastKnownFileType = sourcecode.swift; path = Countries.swift; sourceTree = "<group>"; };
		18EBF208220B8332008D4F36 /* Country.swift */ = {isa = PBXFileReference; fileEncoding = 4; lastKnownFileType = sourcecode.swift; path = Country.swift; sourceTree = "<group>"; };
		18EBF20A220B8332008D4F36 /* SharedData.swift */ = {isa = PBXFileReference; fileEncoding = 4; lastKnownFileType = sourcecode.swift; path = SharedData.swift; sourceTree = "<group>"; };
		18EBF20B220B8332008D4F36 /* Loader.swift */ = {isa = PBXFileReference; fileEncoding = 4; lastKnownFileType = sourcecode.swift; path = Loader.swift; sourceTree = "<group>"; };
		18EBF20D220B8332008D4F36 /* DBController.swift */ = {isa = PBXFileReference; fileEncoding = 4; lastKnownFileType = sourcecode.swift; path = DBController.swift; sourceTree = "<group>"; };
		18EBF20E220B8332008D4F36 /* DBMethod.swift */ = {isa = PBXFileReference; fileEncoding = 4; lastKnownFileType = sourcecode.swift; path = DBMethod.swift; sourceTree = "<group>"; };
		18EBF210220B8332008D4F36 /* AppCommon.swift */ = {isa = PBXFileReference; fileEncoding = 4; lastKnownFileType = sourcecode.swift; path = AppCommon.swift; sourceTree = "<group>"; };
		18EBF212220B8332008D4F36 /* Utilities.swift */ = {isa = PBXFileReference; fileEncoding = 4; lastKnownFileType = sourcecode.swift; path = Utilities.swift; sourceTree = "<group>"; };
		18EBF213220B8332008D4F36 /* DateView.swift */ = {isa = PBXFileReference; fileEncoding = 4; lastKnownFileType = sourcecode.swift; path = DateView.swift; sourceTree = "<group>"; };
		18EBF215220B8333008D4F36 /* UIView.swift */ = {isa = PBXFileReference; fileEncoding = 4; lastKnownFileType = sourcecode.swift; path = UIView.swift; sourceTree = "<group>"; };
		18EBF216220B8333008D4F36 /* UIColor.swift */ = {isa = PBXFileReference; fileEncoding = 4; lastKnownFileType = sourcecode.swift; path = UIColor.swift; sourceTree = "<group>"; };
		18EBF217220B8333008D4F36 /* UITextField.swift */ = {isa = PBXFileReference; fileEncoding = 4; lastKnownFileType = sourcecode.swift; path = UITextField.swift; sourceTree = "<group>"; };
		18EBF218220B8333008D4F36 /* UIText.swift */ = {isa = PBXFileReference; fileEncoding = 4; lastKnownFileType = sourcecode.swift; path = UIText.swift; sourceTree = "<group>"; };
		18EBF21B220B8333008D4F36 /* LocalizableString.swift */ = {isa = PBXFileReference; fileEncoding = 4; lastKnownFileType = sourcecode.swift; path = LocalizableString.swift; sourceTree = "<group>"; };
		18EBF21D220B8333008D4F36 /* Localizable.swift */ = {isa = PBXFileReference; fileEncoding = 4; lastKnownFileType = sourcecode.swift; path = Localizable.swift; sourceTree = "<group>"; };
		18EBF21E220B8333008D4F36 /* IBLocalizable.h */ = {isa = PBXFileReference; fileEncoding = 4; lastKnownFileType = sourcecode.c.h; path = IBLocalizable.h; sourceTree = "<group>"; };
		18EBF220220B8333008D4F36 /* LocalizableTextField.swift */ = {isa = PBXFileReference; fileEncoding = 4; lastKnownFileType = sourcecode.swift; path = LocalizableTextField.swift; sourceTree = "<group>"; };
		18EBF221220B8333008D4F36 /* LocalizableTextView.swift */ = {isa = PBXFileReference; fileEncoding = 4; lastKnownFileType = sourcecode.swift; path = LocalizableTextView.swift; sourceTree = "<group>"; };
		18EBF222220B8333008D4F36 /* LocalizableButton.swift */ = {isa = PBXFileReference; fileEncoding = 4; lastKnownFileType = sourcecode.swift; path = LocalizableButton.swift; sourceTree = "<group>"; };
		18EBF223220B8333008D4F36 /* LocalizableNavigationItem.swift */ = {isa = PBXFileReference; fileEncoding = 4; lastKnownFileType = sourcecode.swift; path = LocalizableNavigationItem.swift; sourceTree = "<group>"; };
		18EBF224220B8333008D4F36 /* LocalizableUISearchBar.swift */ = {isa = PBXFileReference; fileEncoding = 4; lastKnownFileType = sourcecode.swift; path = LocalizableUISearchBar.swift; sourceTree = "<group>"; };
		18EBF225220B8333008D4F36 /* LocalizableLabel.swift */ = {isa = PBXFileReference; fileEncoding = 4; lastKnownFileType = sourcecode.swift; path = LocalizableLabel.swift; sourceTree = "<group>"; };
		18EBF226220B8333008D4F36 /* LocalizableUIBarItem.swift */ = {isa = PBXFileReference; fileEncoding = 4; lastKnownFileType = sourcecode.swift; path = LocalizableUIBarItem.swift; sourceTree = "<group>"; };
		18EBF227220B8333008D4F36 /* Info.plist */ = {isa = PBXFileReference; fileEncoding = 4; lastKnownFileType = text.plist.xml; path = Info.plist; sourceTree = "<group>"; };
		18EBF229220B8333008D4F36 /* SidemenuEnum.swift */ = {isa = PBXFileReference; fileEncoding = 4; lastKnownFileType = sourcecode.swift; path = SidemenuEnum.swift; sourceTree = "<group>"; };
		18EBF22A220B8333008D4F36 /* Enum.swift */ = {isa = PBXFileReference; fileEncoding = 4; lastKnownFileType = sourcecode.swift; path = Enum.swift; sourceTree = "<group>"; };
		18EBF22C220B8333008D4F36 /* APIConstants.swift */ = {isa = PBXFileReference; fileEncoding = 4; lastKnownFileType = sourcecode.swift; path = APIConstants.swift; sourceTree = "<group>"; };
		2494064553EE1F95DA9F6520 /* Pods_MaakMaak.framework */ = {isa = PBXFileReference; explicitFileType = wrapper.framework; includeInIndex = 0; path = Pods_MaakMaak.framework; sourceTree = BUILT_PRODUCTS_DIR; };
		BDA8552889BC798DDCCE197A /* Pods-MaakMaak.release.xcconfig */ = {isa = PBXFileReference; includeInIndex = 1; lastKnownFileType = text.xcconfig; name = "Pods-MaakMaak.release.xcconfig"; path = "Pods/Target Support Files/Pods-MaakMaak/Pods-MaakMaak.release.xcconfig"; sourceTree = "<group>"; };
		E154A782D1379037F7347FE1 /* Pods-MaakMaak.debug.xcconfig */ = {isa = PBXFileReference; includeInIndex = 1; lastKnownFileType = text.xcconfig; name = "Pods-MaakMaak.debug.xcconfig"; path = "Pods/Target Support Files/Pods-MaakMaak/Pods-MaakMaak.debug.xcconfig"; sourceTree = "<group>"; };
/* End PBXFileReference section */

/* Begin PBXFrameworksBuildPhase section */
		0C409C69220A1DD200F232D0 /* Frameworks */ = {
			isa = PBXFrameworksBuildPhase;
			buildActionMask = 2147483647;
			files = (
				963C0309BFBFBE7D89182C66 /* Pods_MaakMaak.framework in Frameworks */,
			);
			runOnlyForDeploymentPostprocessing = 0;
		};
/* End PBXFrameworksBuildPhase section */

/* Begin PBXGroup section */
		0C409C63220A1DD100F232D0 = {
			isa = PBXGroup;
			children = (
				0C409C6E220A1DD200F232D0 /* MaakMaak */,
				0C409C6D220A1DD200F232D0 /* Products */,
				A2295F986FDC8BC11981E7EA /* Pods */,
				C6BFD3A10D09F02AA73F13C9 /* Frameworks */,
			);
			sourceTree = "<group>";
		};
		0C409C6D220A1DD200F232D0 /* Products */ = {
			isa = PBXGroup;
			children = (
				0C409C6C220A1DD200F232D0 /* MaakMaak.app */,
			);
			name = Products;
			sourceTree = "<group>";
		};
		0C409C6E220A1DD200F232D0 /* MaakMaak */ = {
			isa = PBXGroup;
			children = (
				18EBF1F8220B82AF008D4F36 /* Localization */,
				18EBF1F7220B8285008D4F36 /* Helper */,
				18EBF1F6220B8268008D4F36 /* SupportFile */,
				0C409C84220A1E4000F232D0 /* StoryBoards */,
				0C409C81220A1E0300F232D0 /* Views */,
				0C409C83220A1E2000F232D0 /* Models */,
				0C409C82220A1E0F00F232D0 /* Controllers */,
			);
			path = MaakMaak;
			sourceTree = "<group>";
		};
		0C409C81220A1E0300F232D0 /* Views */ = {
			isa = PBXGroup;
			children = (
			);
			name = Views;
			sourceTree = "<group>";
		};
		0C409C82220A1E0F00F232D0 /* Controllers */ = {
			isa = PBXGroup;
			children = (
				180AEC65220E15EF0003C1A6 /* Vender */,
				0C409C71220A1DD200F232D0 /* ViewController.swift */,
				180AEC61220E0A6C0003C1A6 /* MYViewController.swift */,
			);
			name = Controllers;
			sourceTree = "<group>";
		};
		0C409C83220A1E2000F232D0 /* Models */ = {
			isa = PBXGroup;
			children = (
			);
			name = Models;
			sourceTree = "<group>";
		};
		0C409C84220A1E4000F232D0 /* StoryBoards */ = {
			isa = PBXGroup;
			children = (
				0C409C78220A1DD300F232D0 /* LaunchScreen.storyboard */,
				0C409C73220A1DD200F232D0 /* Main.storyboard */,
			);
			name = StoryBoards;
			sourceTree = "<group>";
		};
		180AEC65220E15EF0003C1A6 /* Vender */ = {
			isa = PBXGroup;
			children = (
				180AEC66220E16000003C1A6 /* HomeVendrVC.swift */,
			);
			name = Vender;
			sourceTree = "<group>";
		};
		18EBF1F6220B8268008D4F36 /* SupportFile */ = {
			isa = PBXGroup;
			children = (
				0C409C7B220A1DD300F232D0 /* Info.plist */,
				0C409C6F220A1DD200F232D0 /* AppDelegate.swift */,
				0C409C76220A1DD300F232D0 /* Assets.xcassets */,
			);
			name = SupportFile;
			sourceTree = "<group>";
		};
		18EBF1F7220B8285008D4F36 /* Helper */ = {
			isa = PBXGroup;
			children = (
				180AEC63220E116C0003C1A6 /* LanguageManager.swift */,
				18EBF20F220B8332008D4F36 /* Common */,
				18EBF22B220B8333008D4F36 /* Constant */,
				18EBF206220B8332008D4F36 /* Country */,
				18EBF213220B8332008D4F36 /* DateView.swift */,
				18EBF228220B8333008D4F36 /* Enum */,
				18EBF214220B8333008D4F36 /* Extension */,
				18EBF204220B8331008D4F36 /* HttpHelper */,
				18EBF219220B8333008D4F36 /* IBLocalizable */,
				18EBF20B220B8332008D4F36 /* Loader.swift */,
				18EBF202220B8331008D4F36 /* Location */,
				18EBF209220B8332008D4F36 /* SharedData */,
				18EBF20C220B8332008D4F36 /* StorageHelper */,
				18EBF211220B8332008D4F36 /* Utilities */,
			);
			name = Helper;
			sourceTree = "<group>";
		};
		18EBF1F8220B82AF008D4F36 /* Localization */ = {
			isa = PBXGroup;
			children = (
				18EBF1F9220B82AF008D4F36 /* Localizable.strings */,
				18EBF1FC220B82AF008D4F36 /* lang-en.json */,
				18EBF1FE220B82AF008D4F36 /* lang-ar.json */,
			);
			path = Localization;
			sourceTree = "<group>";
		};
		18EBF202220B8331008D4F36 /* Location */ = {
			isa = PBXGroup;
			children = (
				18EBF203220B8331008D4F36 /* LocationHelper.swift */,
			);
			path = Location;
			sourceTree = "<group>";
		};
		18EBF204220B8331008D4F36 /* HttpHelper */ = {
			isa = PBXGroup;
			children = (
				18EBF205220B8331008D4F36 /* HttpHelper.swift */,
			);
			path = HttpHelper;
			sourceTree = "<group>";
		};
		18EBF206220B8332008D4F36 /* Country */ = {
			isa = PBXGroup;
			children = (
				18EBF207220B8332008D4F36 /* Countries.swift */,
				18EBF208220B8332008D4F36 /* Country.swift */,
			);
			path = Country;
			sourceTree = "<group>";
		};
		18EBF209220B8332008D4F36 /* SharedData */ = {
			isa = PBXGroup;
			children = (
				18EBF20A220B8332008D4F36 /* SharedData.swift */,
			);
			path = SharedData;
			sourceTree = "<group>";
		};
		18EBF20C220B8332008D4F36 /* StorageHelper */ = {
			isa = PBXGroup;
			children = (
				18EBF20D220B8332008D4F36 /* DBController.swift */,
				18EBF20E220B8332008D4F36 /* DBMethod.swift */,
			);
			path = StorageHelper;
			sourceTree = "<group>";
		};
		18EBF20F220B8332008D4F36 /* Common */ = {
			isa = PBXGroup;
			children = (
				18EBF210220B8332008D4F36 /* AppCommon.swift */,
			);
			path = Common;
			sourceTree = "<group>";
		};
		18EBF211220B8332008D4F36 /* Utilities */ = {
			isa = PBXGroup;
			children = (
				18EBF212220B8332008D4F36 /* Utilities.swift */,
			);
			path = Utilities;
			sourceTree = "<group>";
		};
		18EBF214220B8333008D4F36 /* Extension */ = {
			isa = PBXGroup;
			children = (
				18EBF215220B8333008D4F36 /* UIView.swift */,
				18EBF216220B8333008D4F36 /* UIColor.swift */,
				18EBF217220B8333008D4F36 /* UITextField.swift */,
				18EBF218220B8333008D4F36 /* UIText.swift */,
			);
			path = Extension;
			sourceTree = "<group>";
		};
		18EBF219220B8333008D4F36 /* IBLocalizable */ = {
			isa = PBXGroup;
			children = (
				18EBF21A220B8333008D4F36 /* Utils */,
				18EBF21C220B8333008D4F36 /* Protocol */,
				18EBF21E220B8333008D4F36 /* IBLocalizable.h */,
				18EBF21F220B8333008D4F36 /* Views */,
				18EBF227220B8333008D4F36 /* Info.plist */,
			);
			path = IBLocalizable;
			sourceTree = "<group>";
		};
		18EBF21A220B8333008D4F36 /* Utils */ = {
			isa = PBXGroup;
			children = (
				18EBF21B220B8333008D4F36 /* LocalizableString.swift */,
			);
			path = Utils;
			sourceTree = "<group>";
		};
		18EBF21C220B8333008D4F36 /* Protocol */ = {
			isa = PBXGroup;
			children = (
				18EBF21D220B8333008D4F36 /* Localizable.swift */,
			);
			path = Protocol;
			sourceTree = "<group>";
		};
		18EBF21F220B8333008D4F36 /* Views */ = {
			isa = PBXGroup;
			children = (
				18EBF220220B8333008D4F36 /* LocalizableTextField.swift */,
				18EBF221220B8333008D4F36 /* LocalizableTextView.swift */,
				18EBF222220B8333008D4F36 /* LocalizableButton.swift */,
				18EBF223220B8333008D4F36 /* LocalizableNavigationItem.swift */,
				18EBF224220B8333008D4F36 /* LocalizableUISearchBar.swift */,
				18EBF225220B8333008D4F36 /* LocalizableLabel.swift */,
				18EBF226220B8333008D4F36 /* LocalizableUIBarItem.swift */,
			);
			path = Views;
			sourceTree = "<group>";
		};
		18EBF228220B8333008D4F36 /* Enum */ = {
			isa = PBXGroup;
			children = (
				18EBF229220B8333008D4F36 /* SidemenuEnum.swift */,
				18EBF22A220B8333008D4F36 /* Enum.swift */,
			);
			path = Enum;
			sourceTree = "<group>";
		};
		18EBF22B220B8333008D4F36 /* Constant */ = {
			isa = PBXGroup;
			children = (
				18EBF22C220B8333008D4F36 /* APIConstants.swift */,
			);
			path = Constant;
			sourceTree = "<group>";
		};
		A2295F986FDC8BC11981E7EA /* Pods */ = {
			isa = PBXGroup;
			children = (
				E154A782D1379037F7347FE1 /* Pods-MaakMaak.debug.xcconfig */,
				BDA8552889BC798DDCCE197A /* Pods-MaakMaak.release.xcconfig */,
			);
			name = Pods;
			sourceTree = "<group>";
		};
		C6BFD3A10D09F02AA73F13C9 /* Frameworks */ = {
			isa = PBXGroup;
			children = (
				2494064553EE1F95DA9F6520 /* Pods_MaakMaak.framework */,
			);
			name = Frameworks;
			sourceTree = "<group>";
		};
/* End PBXGroup section */

/* Begin PBXNativeTarget section */
		0C409C6B220A1DD200F232D0 /* MaakMaak */ = {
			isa = PBXNativeTarget;
			buildConfigurationList = 0C409C7E220A1DD300F232D0 /* Build configuration list for PBXNativeTarget "MaakMaak" */;
			buildPhases = (
				BCC34ADEC80CB571A907CAC2 /* [CP] Check Pods Manifest.lock */,
				0C409C68220A1DD200F232D0 /* Sources */,
				0C409C69220A1DD200F232D0 /* Frameworks */,
				0C409C6A220A1DD200F232D0 /* Resources */,
				C6E1D384940115BFCF58CCE5 /* [CP] Embed Pods Frameworks */,
			);
			buildRules = (
			);
			dependencies = (
			);
			name = MaakMaak;
			productName = MaakMaak;
			productReference = 0C409C6C220A1DD200F232D0 /* MaakMaak.app */;
			productType = "com.apple.product-type.application";
		};
/* End PBXNativeTarget section */

/* Begin PBXProject section */
		0C409C64220A1DD100F232D0 /* Project object */ = {
			isa = PBXProject;
			attributes = {
				LastSwiftUpdateCheck = 1010;
				LastUpgradeCheck = 1010;
				ORGANIZATIONNAME = M;
				TargetAttributes = {
					0C409C6B220A1DD200F232D0 = {
						CreatedOnToolsVersion = 10.1;
					};
				};
			};
			buildConfigurationList = 0C409C67220A1DD100F232D0 /* Build configuration list for PBXProject "MaakMaak" */;
			compatibilityVersion = "Xcode 9.3";
			developmentRegion = en;
			hasScannedForEncodings = 0;
			knownRegions = (
				en,
				Base,
				ar,
			);
			mainGroup = 0C409C63220A1DD100F232D0;
			productRefGroup = 0C409C6D220A1DD200F232D0 /* Products */;
			projectDirPath = "";
			projectRoot = "";
			targets = (
				0C409C6B220A1DD200F232D0 /* MaakMaak */,
			);
		};
/* End PBXProject section */

/* Begin PBXResourcesBuildPhase section */
		0C409C6A220A1DD200F232D0 /* Resources */ = {
			isa = PBXResourcesBuildPhase;
			buildActionMask = 2147483647;
			files = (
				0C409C7A220A1DD300F232D0 /* LaunchScreen.storyboard in Resources */,
				18EBF200220B82AF008D4F36 /* lang-en.json in Resources */,
				18EBF201220B82AF008D4F36 /* lang-ar.json in Resources */,
				18EBF1FF220B82AF008D4F36 /* Localizable.strings in Resources */,
				0C409C77220A1DD300F232D0 /* Assets.xcassets in Resources */,
				0C409C75220A1DD200F232D0 /* Main.storyboard in Resources */,
			);
			runOnlyForDeploymentPostprocessing = 0;
		};
/* End PBXResourcesBuildPhase section */

/* Begin PBXShellScriptBuildPhase section */
		BCC34ADEC80CB571A907CAC2 /* [CP] Check Pods Manifest.lock */ = {
			isa = PBXShellScriptBuildPhase;
			buildActionMask = 2147483647;
			files = (
			);
			inputFileListPaths = (
			);
			inputPaths = (
				"${PODS_PODFILE_DIR_PATH}/Podfile.lock",
				"${PODS_ROOT}/Manifest.lock",
			);
			name = "[CP] Check Pods Manifest.lock";
			outputFileListPaths = (
			);
			outputPaths = (
				"$(DERIVED_FILE_DIR)/Pods-MaakMaak-checkManifestLockResult.txt",
			);
			runOnlyForDeploymentPostprocessing = 0;
			shellPath = /bin/sh;
			shellScript = "diff \"${PODS_PODFILE_DIR_PATH}/Podfile.lock\" \"${PODS_ROOT}/Manifest.lock\" > /dev/null\nif [ $? != 0 ] ; then\n    # print error to STDERR\n    echo \"error: The sandbox is not in sync with the Podfile.lock. Run 'pod install' or update your CocoaPods installation.\" >&2\n    exit 1\nfi\n# This output is used by Xcode 'outputs' to avoid re-running this script phase.\necho \"SUCCESS\" > \"${SCRIPT_OUTPUT_FILE_0}\"\n";
			showEnvVarsInLog = 0;
		};
		C6E1D384940115BFCF58CCE5 /* [CP] Embed Pods Frameworks */ = {
			isa = PBXShellScriptBuildPhase;
			buildActionMask = 2147483647;
			files = (
			);
			inputFileListPaths = (
			);
			inputPaths = (
				"${SRCROOT}/Pods/Target Support Files/Pods-MaakMaak/Pods-MaakMaak-frameworks.sh",
				"${BUILT_PRODUCTS_DIR}/Alamofire/Alamofire.framework",
				"${BUILT_PRODUCTS_DIR}/DropDown/DropDown.framework",
				"${BUILT_PRODUCTS_DIR}/IBLocalizable/IBLocalizable.framework",
				"${BUILT_PRODUCTS_DIR}/IQKeyboardManagerSwift/IQKeyboardManagerSwift.framework",
				"${BUILT_PRODUCTS_DIR}/Localize-Swift/Localize_Swift.framework",
				"${BUILT_PRODUCTS_DIR}/SVProgressHUD/SVProgressHUD.framework",
				"${BUILT_PRODUCTS_DIR}/SkyFloatingLabelTextField/SkyFloatingLabelTextField.framework",
				"${BUILT_PRODUCTS_DIR}/SwiftyJSON/SwiftyJSON.framework",
			);
			name = "[CP] Embed Pods Frameworks";
			outputFileListPaths = (
			);
			outputPaths = (
				"${TARGET_BUILD_DIR}/${FRAMEWORKS_FOLDER_PATH}/Alamofire.framework",
				"${TARGET_BUILD_DIR}/${FRAMEWORKS_FOLDER_PATH}/DropDown.framework",
				"${TARGET_BUILD_DIR}/${FRAMEWORKS_FOLDER_PATH}/IBLocalizable.framework",
				"${TARGET_BUILD_DIR}/${FRAMEWORKS_FOLDER_PATH}/IQKeyboardManagerSwift.framework",
				"${TARGET_BUILD_DIR}/${FRAMEWORKS_FOLDER_PATH}/Localize_Swift.framework",
				"${TARGET_BUILD_DIR}/${FRAMEWORKS_FOLDER_PATH}/SVProgressHUD.framework",
				"${TARGET_BUILD_DIR}/${FRAMEWORKS_FOLDER_PATH}/SkyFloatingLabelTextField.framework",
				"${TARGET_BUILD_DIR}/${FRAMEWORKS_FOLDER_PATH}/SwiftyJSON.framework",
			);
			runOnlyForDeploymentPostprocessing = 0;
			shellPath = /bin/sh;
			shellScript = "\"${SRCROOT}/Pods/Target Support Files/Pods-MaakMaak/Pods-MaakMaak-frameworks.sh\"\n";
			showEnvVarsInLog = 0;
		};
/* End PBXShellScriptBuildPhase section */

/* Begin PBXSourcesBuildPhase section */
		0C409C68220A1DD200F232D0 /* Sources */ = {
			isa = PBXSourcesBuildPhase;
			buildActionMask = 2147483647;
			files = (
				18EBF234220B8333008D4F36 /* DBMethod.swift in Sources */,
				18EBF237220B8333008D4F36 /* DateView.swift in Sources */,
				18EBF22D220B8333008D4F36 /* LocationHelper.swift in Sources */,
				18EBF23A220B8333008D4F36 /* UITextField.swift in Sources */,
				18EBF231220B8333008D4F36 /* SharedData.swift in Sources */,
				18EBF23B220B8333008D4F36 /* UIText.swift in Sources */,
				180AEC64220E116C0003C1A6 /* LanguageManager.swift in Sources */,
				18EBF239220B8333008D4F36 /* UIColor.swift in Sources */,
				18EBF248220B8333008D4F36 /* APIConstants.swift in Sources */,
				180AEC62220E0A6C0003C1A6 /* MYViewController.swift in Sources */,
				18EBF233220B8333008D4F36 /* DBController.swift in Sources */,
				18EBF235220B8333008D4F36 /* AppCommon.swift in Sources */,
				0C409C72220A1DD200F232D0 /* ViewController.swift in Sources */,
				180AEC67220E16010003C1A6 /* HomeVendrVC.swift in Sources */,
				18EBF242220B8333008D4F36 /* LocalizableUISearchBar.swift in Sources */,
				18EBF236220B8333008D4F36 /* Utilities.swift in Sources */,
				0C409C70220A1DD200F232D0 /* AppDelegate.swift in Sources */,
				18EBF22F220B8333008D4F36 /* Countries.swift in Sources */,
				18EBF23D220B8333008D4F36 /* Localizable.swift in Sources */,
				18EBF246220B8333008D4F36 /* SidemenuEnum.swift in Sources */,
				18EBF243220B8333008D4F36 /* LocalizableLabel.swift in Sources */,
				18EBF23C220B8333008D4F36 /* LocalizableString.swift in Sources */,
				18EBF247220B8333008D4F36 /* Enum.swift in Sources */,
				18EBF238220B8333008D4F36 /* UIView.swift in Sources */,
				18EBF241220B8333008D4F36 /* LocalizableNavigationItem.swift in Sources */,
				18EBF23E220B8333008D4F36 /* LocalizableTextField.swift in Sources */,
				18EBF23F220B8333008D4F36 /* LocalizableTextView.swift in Sources */,
				18EBF240220B8333008D4F36 /* LocalizableButton.swift in Sources */,
				18EBF230220B8333008D4F36 /* Country.swift in Sources */,
				18EBF232220B8333008D4F36 /* Loader.swift in Sources */,
				18EBF22E220B8333008D4F36 /* HttpHelper.swift in Sources */,
				18EBF244220B8333008D4F36 /* LocalizableUIBarItem.swift in Sources */,
			);
			runOnlyForDeploymentPostprocessing = 0;
		};
/* End PBXSourcesBuildPhase section */

/* Begin PBXVariantGroup section */
		0C409C73220A1DD200F232D0 /* Main.storyboard */ = {
			isa = PBXVariantGroup;
			children = (
				0C409C74220A1DD200F232D0 /* Base */,
			);
			name = Main.storyboard;
			sourceTree = "<group>";
		};
		0C409C78220A1DD300F232D0 /* LaunchScreen.storyboard */ = {
			isa = PBXVariantGroup;
			children = (
				0C409C79220A1DD300F232D0 /* Base */,
			);
			name = LaunchScreen.storyboard;
			sourceTree = "<group>";
		};
		18EBF1F9220B82AF008D4F36 /* Localizable.strings */ = {
			isa = PBXVariantGroup;
			children = (
				18EBF1FA220B82AF008D4F36 /* ar */,
				18EBF1FB220B82AF008D4F36 /* en */,
				18EBF1FD220B82AF008D4F36 /* Base */,
			);
			name = Localizable.strings;
			sourceTree = "<group>";
		};
/* End PBXVariantGroup section */

/* Begin XCBuildConfiguration section */
		0C409C7C220A1DD300F232D0 /* Debug */ = {
			isa = XCBuildConfiguration;
			buildSettings = {
				ALWAYS_SEARCH_USER_PATHS = NO;
				CLANG_ANALYZER_LOCALIZABILITY_NONLOCALIZED = YES;
				CLANG_ANALYZER_NONNULL = YES;
				CLANG_ANALYZER_NUMBER_OBJECT_CONVERSION = YES_AGGRESSIVE;
				CLANG_CXX_LANGUAGE_STANDARD = "gnu++14";
				CLANG_CXX_LIBRARY = "libc++";
				CLANG_ENABLE_MODULES = YES;
				CLANG_ENABLE_OBJC_ARC = YES;
				CLANG_ENABLE_OBJC_WEAK = YES;
				CLANG_WARN_BLOCK_CAPTURE_AUTORELEASING = YES;
				CLANG_WARN_BOOL_CONVERSION = YES;
				CLANG_WARN_COMMA = YES;
				CLANG_WARN_CONSTANT_CONVERSION = YES;
				CLANG_WARN_DEPRECATED_OBJC_IMPLEMENTATIONS = YES;
				CLANG_WARN_DIRECT_OBJC_ISA_USAGE = YES_ERROR;
				CLANG_WARN_DOCUMENTATION_COMMENTS = YES;
				CLANG_WARN_EMPTY_BODY = YES;
				CLANG_WARN_ENUM_CONVERSION = YES;
				CLANG_WARN_INFINITE_RECURSION = YES;
				CLANG_WARN_INT_CONVERSION = YES;
				CLANG_WARN_NON_LITERAL_NULL_CONVERSION = YES;
				CLANG_WARN_OBJC_IMPLICIT_RETAIN_SELF = YES;
				CLANG_WARN_OBJC_LITERAL_CONVERSION = YES;
				CLANG_WARN_OBJC_ROOT_CLASS = YES_ERROR;
				CLANG_WARN_RANGE_LOOP_ANALYSIS = YES;
				CLANG_WARN_STRICT_PROTOTYPES = YES;
				CLANG_WARN_SUSPICIOUS_MOVE = YES;
				CLANG_WARN_UNGUARDED_AVAILABILITY = YES_AGGRESSIVE;
				CLANG_WARN_UNREACHABLE_CODE = YES;
				CLANG_WARN__DUPLICATE_METHOD_MATCH = YES;
				CODE_SIGN_IDENTITY = "iPhone Developer";
				COPY_PHASE_STRIP = NO;
				DEBUG_INFORMATION_FORMAT = dwarf;
				ENABLE_STRICT_OBJC_MSGSEND = YES;
				ENABLE_TESTABILITY = YES;
				GCC_C_LANGUAGE_STANDARD = gnu11;
				GCC_DYNAMIC_NO_PIC = NO;
				GCC_NO_COMMON_BLOCKS = YES;
				GCC_OPTIMIZATION_LEVEL = 0;
				GCC_PREPROCESSOR_DEFINITIONS = (
					"DEBUG=1",
					"$(inherited)",
				);
				GCC_WARN_64_TO_32_BIT_CONVERSION = YES;
				GCC_WARN_ABOUT_RETURN_TYPE = YES_ERROR;
				GCC_WARN_UNDECLARED_SELECTOR = YES;
				GCC_WARN_UNINITIALIZED_AUTOS = YES_AGGRESSIVE;
				GCC_WARN_UNUSED_FUNCTION = YES;
				GCC_WARN_UNUSED_VARIABLE = YES;
				IPHONEOS_DEPLOYMENT_TARGET = 12.1;
				MTL_ENABLE_DEBUG_INFO = INCLUDE_SOURCE;
				MTL_FAST_MATH = YES;
				ONLY_ACTIVE_ARCH = YES;
				SDKROOT = iphoneos;
				SWIFT_ACTIVE_COMPILATION_CONDITIONS = DEBUG;
				SWIFT_OPTIMIZATION_LEVEL = "-Onone";
			};
			name = Debug;
		};
		0C409C7D220A1DD300F232D0 /* Release */ = {
			isa = XCBuildConfiguration;
			buildSettings = {
				ALWAYS_SEARCH_USER_PATHS = NO;
				CLANG_ANALYZER_LOCALIZABILITY_NONLOCALIZED = YES;
				CLANG_ANALYZER_NONNULL = YES;
				CLANG_ANALYZER_NUMBER_OBJECT_CONVERSION = YES_AGGRESSIVE;
				CLANG_CXX_LANGUAGE_STANDARD = "gnu++14";
				CLANG_CXX_LIBRARY = "libc++";
				CLANG_ENABLE_MODULES = YES;
				CLANG_ENABLE_OBJC_ARC = YES;
				CLANG_ENABLE_OBJC_WEAK = YES;
				CLANG_WARN_BLOCK_CAPTURE_AUTORELEASING = YES;
				CLANG_WARN_BOOL_CONVERSION = YES;
				CLANG_WARN_COMMA = YES;
				CLANG_WARN_CONSTANT_CONVERSION = YES;
				CLANG_WARN_DEPRECATED_OBJC_IMPLEMENTATIONS = YES;
				CLANG_WARN_DIRECT_OBJC_ISA_USAGE = YES_ERROR;
				CLANG_WARN_DOCUMENTATION_COMMENTS = YES;
				CLANG_WARN_EMPTY_BODY = YES;
				CLANG_WARN_ENUM_CONVERSION = YES;
				CLANG_WARN_INFINITE_RECURSION = YES;
				CLANG_WARN_INT_CONVERSION = YES;
				CLANG_WARN_NON_LITERAL_NULL_CONVERSION = YES;
				CLANG_WARN_OBJC_IMPLICIT_RETAIN_SELF = YES;
				CLANG_WARN_OBJC_LITERAL_CONVERSION = YES;
				CLANG_WARN_OBJC_ROOT_CLASS = YES_ERROR;
				CLANG_WARN_RANGE_LOOP_ANALYSIS = YES;
				CLANG_WARN_STRICT_PROTOTYPES = YES;
				CLANG_WARN_SUSPICIOUS_MOVE = YES;
				CLANG_WARN_UNGUARDED_AVAILABILITY = YES_AGGRESSIVE;
				CLANG_WARN_UNREACHABLE_CODE = YES;
				CLANG_WARN__DUPLICATE_METHOD_MATCH = YES;
				CODE_SIGN_IDENTITY = "iPhone Developer";
				COPY_PHASE_STRIP = NO;
				DEBUG_INFORMATION_FORMAT = "dwarf-with-dsym";
				ENABLE_NS_ASSERTIONS = NO;
				ENABLE_STRICT_OBJC_MSGSEND = YES;
				GCC_C_LANGUAGE_STANDARD = gnu11;
				GCC_NO_COMMON_BLOCKS = YES;
				GCC_WARN_64_TO_32_BIT_CONVERSION = YES;
				GCC_WARN_ABOUT_RETURN_TYPE = YES_ERROR;
				GCC_WARN_UNDECLARED_SELECTOR = YES;
				GCC_WARN_UNINITIALIZED_AUTOS = YES_AGGRESSIVE;
				GCC_WARN_UNUSED_FUNCTION = YES;
				GCC_WARN_UNUSED_VARIABLE = YES;
				IPHONEOS_DEPLOYMENT_TARGET = 12.1;
				MTL_ENABLE_DEBUG_INFO = NO;
				MTL_FAST_MATH = YES;
				SDKROOT = iphoneos;
				SWIFT_COMPILATION_MODE = wholemodule;
				SWIFT_OPTIMIZATION_LEVEL = "-O";
				VALIDATE_PRODUCT = YES;
			};
			name = Release;
		};
		0C409C7F220A1DD300F232D0 /* Debug */ = {
			isa = XCBuildConfiguration;
			baseConfigurationReference = E154A782D1379037F7347FE1 /* Pods-MaakMaak.debug.xcconfig */;
			buildSettings = {
				ASSETCATALOG_COMPILER_APPICON_NAME = AppIcon;
				CODE_SIGN_STYLE = Automatic;
				INFOPLIST_FILE = MaakMaak/Info.plist;
				LD_RUNPATH_SEARCH_PATHS = (
					"$(inherited)",
					"@executable_path/Frameworks",
				);
				PRODUCT_BUNDLE_IDENTIFIER = com.te.MaakMaak;
				PRODUCT_NAME = "$(TARGET_NAME)";
				SWIFT_VERSION = 4.2;
				TARGETED_DEVICE_FAMILY = "1,2";
			};
			name = Debug;
		};
		0C409C80220A1DD300F232D0 /* Release */ = {
			isa = XCBuildConfiguration;
			baseConfigurationReference = BDA8552889BC798DDCCE197A /* Pods-MaakMaak.release.xcconfig */;
			buildSettings = {
				ASSETCATALOG_COMPILER_APPICON_NAME = AppIcon;
				CODE_SIGN_STYLE = Automatic;
				INFOPLIST_FILE = MaakMaak/Info.plist;
				LD_RUNPATH_SEARCH_PATHS = (
					"$(inherited)",
					"@executable_path/Frameworks",
				);
				PRODUCT_BUNDLE_IDENTIFIER = com.te.MaakMaak;
				PRODUCT_NAME = "$(TARGET_NAME)";
				SWIFT_VERSION = 4.2;
				TARGETED_DEVICE_FAMILY = "1,2";
			};
			name = Release;
		};
/* End XCBuildConfiguration section */

/* Begin XCConfigurationList section */
		0C409C67220A1DD100F232D0 /* Build configuration list for PBXProject "MaakMaak" */ = {
			isa = XCConfigurationList;
			buildConfigurations = (
				0C409C7C220A1DD300F232D0 /* Debug */,
				0C409C7D220A1DD300F232D0 /* Release */,
			);
			defaultConfigurationIsVisible = 0;
			defaultConfigurationName = Release;
		};
		0C409C7E220A1DD300F232D0 /* Build configuration list for PBXNativeTarget "MaakMaak" */ = {
			isa = XCConfigurationList;
			buildConfigurations = (
				0C409C7F220A1DD300F232D0 /* Debug */,
				0C409C80220A1DD300F232D0 /* Release */,
			);
			defaultConfigurationIsVisible = 0;
			defaultConfigurationName = Release;
		};
/* End XCConfigurationList section */
	};
	rootObject = 0C409C64220A1DD100F232D0 /* Project object */;
}
